// !$*UTF8*$!
{
	archiveVersion = 1;
	classes = {
	};
	objectVersion = 56;
	objects = {

/* Begin PBXBuildFile section */
		157792F429F26BA20031AA1C /* PlayerViewModel.swift in Sources */ = {isa = PBXBuildFile; fileRef = 157792F329F26BA20031AA1C /* PlayerViewModel.swift */; };
		157792F929F4165D0031AA1C /* Team.swift in Sources */ = {isa = PBXBuildFile; fileRef = 157792F829F4165D0031AA1C /* Team.swift */; };
		15A437AF29F4180200300BF5 /* iCloudViewModel.swift in Sources */ = {isa = PBXBuildFile; fileRef = 15A437AE29F4180200300BF5 /* iCloudViewModel.swift */; };
		15A437B129F4181200300BF5 /* Lung.swift in Sources */ = {isa = PBXBuildFile; fileRef = 15A437B029F4181200300BF5 /* Lung.swift */; };
		15A437B329F4185E00300BF5 /* Member.swift in Sources */ = {isa = PBXBuildFile; fileRef = 15A437B229F4185E00300BF5 /* Member.swift */; };
		15A437B729F4198C00300BF5 /* TeamChallenge.swift in Sources */ = {isa = PBXBuildFile; fileRef = 15A437B629F4198C00300BF5 /* TeamChallenge.swift */; };
		15A437B929F41A3500300BF5 /* Challenge.swift in Sources */ = {isa = PBXBuildFile; fileRef = 15A437B829F41A3500300BF5 /* Challenge.swift */; };
		15A437BB29F5271800300BF5 /* Player.swift in Sources */ = {isa = PBXBuildFile; fileRef = 15A437BA29F5271800300BF5 /* Player.swift */; };
		15A437BF29F57D9000300BF5 /* DailyPlayer.swift in Sources */ = {isa = PBXBuildFile; fileRef = 15A437BE29F57D9000300BF5 /* DailyPlayer.swift */; };
		15A437C329F57F6700300BF5 /* TeamViewModel.swift in Sources */ = {isa = PBXBuildFile; fileRef = 15A437C229F57F6700300BF5 /* TeamViewModel.swift */; };
		15A437C729F7BEB300300BF5 /* DatabaseViewModel.swift in Sources */ = {isa = PBXBuildFile; fileRef = 15A437C629F7BEB300300BF5 /* DatabaseViewModel.swift */; };
		15A437C929F7CE6C00300BF5 /* DailyPlayerViewModel.swift in Sources */ = {isa = PBXBuildFile; fileRef = 15A437C829F7CE6C00300BF5 /* DailyPlayerViewModel.swift */; };
		15A437CC29F7D15E00300BF5 /* TeamChallengeViewModel.swift in Sources */ = {isa = PBXBuildFile; fileRef = 15A437CB29F7D15E00300BF5 /* TeamChallengeViewModel.swift */; };
		15BF5D7129EFBC68003C1500 /* QuitZoneApp.swift in Sources */ = {isa = PBXBuildFile; fileRef = 15BF5D7029EFBC68003C1500 /* QuitZoneApp.swift */; };
		15BF5D7329EFBC68003C1500 /* ContentView.swift in Sources */ = {isa = PBXBuildFile; fileRef = 15BF5D7229EFBC68003C1500 /* ContentView.swift */; };
		15BF5D7529EFBC69003C1500 /* Assets.xcassets in Resources */ = {isa = PBXBuildFile; fileRef = 15BF5D7429EFBC69003C1500 /* Assets.xcassets */; };
		15BF5D7829EFBC69003C1500 /* Preview Assets.xcassets in Resources */ = {isa = PBXBuildFile; fileRef = 15BF5D7729EFBC69003C1500 /* Preview Assets.xcassets */; };
		15BF5D8229EFBC69003C1500 /* QuitZoneTests.swift in Sources */ = {isa = PBXBuildFile; fileRef = 15BF5D8129EFBC69003C1500 /* QuitZoneTests.swift */; };
		15BF5D8C29EFBC69003C1500 /* QuitZoneUITests.swift in Sources */ = {isa = PBXBuildFile; fileRef = 15BF5D8B29EFBC69003C1500 /* QuitZoneUITests.swift */; };
		15BF5D8E29EFBC69003C1500 /* QuitZoneUITestsLaunchTests.swift in Sources */ = {isa = PBXBuildFile; fileRef = 15BF5D8D29EFBC69003C1500 /* QuitZoneUITestsLaunchTests.swift */; };
		AB1E2F5629FA7DDA003A7CEE /* dogicapixel.ttf in Resources */ = {isa = PBXBuildFile; fileRef = AB1E2F5229FA7DDA003A7CEE /* dogicapixel.ttf */; };
		AB1E2F5729FA7DDA003A7CEE /* dogicapixel.ttf in Resources */ = {isa = PBXBuildFile; fileRef = AB1E2F5229FA7DDA003A7CEE /* dogicapixel.ttf */; };
		AB1E2F5829FA7DDA003A7CEE /* dogicapixel.ttf in Resources */ = {isa = PBXBuildFile; fileRef = AB1E2F5229FA7DDA003A7CEE /* dogicapixel.ttf */; };
		AB1E2F5929FA7DDA003A7CEE /* dogica.ttf in Resources */ = {isa = PBXBuildFile; fileRef = AB1E2F5329FA7DDA003A7CEE /* dogica.ttf */; };
		AB1E2F5A29FA7DDA003A7CEE /* dogica.ttf in Resources */ = {isa = PBXBuildFile; fileRef = AB1E2F5329FA7DDA003A7CEE /* dogica.ttf */; };
		AB1E2F5B29FA7DDA003A7CEE /* dogica.ttf in Resources */ = {isa = PBXBuildFile; fileRef = AB1E2F5329FA7DDA003A7CEE /* dogica.ttf */; };
		AB1E2F5C29FA7DDA003A7CEE /* dogicabold.ttf in Resources */ = {isa = PBXBuildFile; fileRef = AB1E2F5429FA7DDA003A7CEE /* dogicabold.ttf */; };
		AB1E2F5D29FA7DDA003A7CEE /* dogicabold.ttf in Resources */ = {isa = PBXBuildFile; fileRef = AB1E2F5429FA7DDA003A7CEE /* dogicabold.ttf */; };
		AB1E2F5E29FA7DDA003A7CEE /* dogicabold.ttf in Resources */ = {isa = PBXBuildFile; fileRef = AB1E2F5429FA7DDA003A7CEE /* dogicabold.ttf */; };
		AB1E2F5F29FA7DDA003A7CEE /* dogicapixelbold.ttf in Resources */ = {isa = PBXBuildFile; fileRef = AB1E2F5529FA7DDA003A7CEE /* dogicapixelbold.ttf */; };
		AB1E2F6029FA7DDA003A7CEE /* dogicapixelbold.ttf in Resources */ = {isa = PBXBuildFile; fileRef = AB1E2F5529FA7DDA003A7CEE /* dogicapixelbold.ttf */; };
		AB1E2F6129FA7DDA003A7CEE /* dogicapixelbold.ttf in Resources */ = {isa = PBXBuildFile; fileRef = AB1E2F5529FA7DDA003A7CEE /* dogicapixelbold.ttf */; };
		AB1E2F7529FA88B0003A7CEE /* Info.plist in Resources */ = {isa = PBXBuildFile; fileRef = AB1E2F7329FA88B0003A7CEE /* Info.plist */; };
		AB1E2F7629FA88B0003A7CEE /* Info.plist in Resources */ = {isa = PBXBuildFile; fileRef = AB1E2F7329FA88B0003A7CEE /* Info.plist */; };
		AB1E2F7C29FA8B19003A7CEE /* Heibird.otf in Resources */ = {isa = PBXBuildFile; fileRef = AB1E2F7B29FA8B19003A7CEE /* Heibird.otf */; };
		AB1E2F7D29FA8B19003A7CEE /* Heibird.otf in Resources */ = {isa = PBXBuildFile; fileRef = AB1E2F7B29FA8B19003A7CEE /* Heibird.otf */; };
		AB1E2F7E29FA8B19003A7CEE /* Heibird.otf in Resources */ = {isa = PBXBuildFile; fileRef = AB1E2F7B29FA8B19003A7CEE /* Heibird.otf */; };
		ABC3E74929EFEBF300682177 /* UserModel.swift in Sources */ = {isa = PBXBuildFile; fileRef = ABC3E74829EFEBF300682177 /* UserModel.swift */; };
		ABC3E74B29EFF18100682177 /* GSM.swift in Sources */ = {isa = PBXBuildFile; fileRef = ABC3E74A29EFF18100682177 /* GSM.swift */; };
		ABF47E5229EFD25F0067F243 /* WelcomeComponent.swift in Sources */ = {isa = PBXBuildFile; fileRef = ABF47E5129EFD25F0067F243 /* WelcomeComponent.swift */; };
		ABF47E5429EFD26E0067F243 /* HomeComponent.swift in Sources */ = {isa = PBXBuildFile; fileRef = ABF47E5329EFD26E0067F243 /* HomeComponent.swift */; };
		ABF47E5629EFD27F0067F243 /* UserComponent.swift in Sources */ = {isa = PBXBuildFile; fileRef = ABF47E5529EFD27F0067F243 /* UserComponent.swift */; };
		ABF47E5829EFD2940067F243 /* ParticipantComponent.swift in Sources */ = {isa = PBXBuildFile; fileRef = ABF47E5729EFD2940067F243 /* ParticipantComponent.swift */; };
		ABF47E5A29EFD2EE0067F243 /* CreateTeamComponent.swift in Sources */ = {isa = PBXBuildFile; fileRef = ABF47E5929EFD2EE0067F243 /* CreateTeamComponent.swift */; };
		ABF47E5C29EFD3100067F243 /* LeaderboardComponent.swift in Sources */ = {isa = PBXBuildFile; fileRef = ABF47E5B29EFD3100067F243 /* LeaderboardComponent.swift */; };
		ABF47E5E29EFD31F0067F243 /* LeaderboardDetailComponent.swift in Sources */ = {isa = PBXBuildFile; fileRef = ABF47E5D29EFD31F0067F243 /* LeaderboardDetailComponent.swift */; };
		ABF47E6029EFD37D0067F243 /* FormComponent.swift in Sources */ = {isa = PBXBuildFile; fileRef = ABF47E5F29EFD37D0067F243 /* FormComponent.swift */; };
		ABF47E6229EFD39C0067F243 /* UserEditComponent.swift in Sources */ = {isa = PBXBuildFile; fileRef = ABF47E6129EFD39C0067F243 /* UserEditComponent.swift */; };
		ABF47E6429EFD3AF0067F243 /* MissionComponent.swift in Sources */ = {isa = PBXBuildFile; fileRef = ABF47E6329EFD3AF0067F243 /* MissionComponent.swift */; };
/* End PBXBuildFile section */

/* Begin PBXContainerItemProxy section */
		15BF5D7E29EFBC69003C1500 /* PBXContainerItemProxy */ = {
			isa = PBXContainerItemProxy;
			containerPortal = 15BF5D6529EFBC68003C1500 /* Project object */;
			proxyType = 1;
			remoteGlobalIDString = 15BF5D6C29EFBC68003C1500;
			remoteInfo = QuitZone;
		};
		15BF5D8829EFBC69003C1500 /* PBXContainerItemProxy */ = {
			isa = PBXContainerItemProxy;
			containerPortal = 15BF5D6529EFBC68003C1500 /* Project object */;
			proxyType = 1;
			remoteGlobalIDString = 15BF5D6C29EFBC68003C1500;
			remoteInfo = QuitZone;
		};
/* End PBXContainerItemProxy section */

/* Begin PBXFileReference section */
		157792EB29F24F8F0031AA1C /* QuitZone.entitlements */ = {isa = PBXFileReference; lastKnownFileType = text.plist.entitlements; path = QuitZone.entitlements; sourceTree = "<group>"; };
		157792F329F26BA20031AA1C /* PlayerViewModel.swift */ = {isa = PBXFileReference; lastKnownFileType = sourcecode.swift; path = PlayerViewModel.swift; sourceTree = "<group>"; };
		157792F829F4165D0031AA1C /* Team.swift */ = {isa = PBXFileReference; lastKnownFileType = sourcecode.swift; path = Team.swift; sourceTree = "<group>"; };
		15A437AE29F4180200300BF5 /* iCloudViewModel.swift */ = {isa = PBXFileReference; lastKnownFileType = sourcecode.swift; path = iCloudViewModel.swift; sourceTree = "<group>"; };
		15A437B029F4181200300BF5 /* Lung.swift */ = {isa = PBXFileReference; lastKnownFileType = sourcecode.swift; path = Lung.swift; sourceTree = "<group>"; };
		15A437B229F4185E00300BF5 /* Member.swift */ = {isa = PBXFileReference; lastKnownFileType = sourcecode.swift; path = Member.swift; sourceTree = "<group>"; };
		15A437B629F4198C00300BF5 /* TeamChallenge.swift */ = {isa = PBXFileReference; lastKnownFileType = sourcecode.swift; path = TeamChallenge.swift; sourceTree = "<group>"; };
		15A437B829F41A3500300BF5 /* Challenge.swift */ = {isa = PBXFileReference; lastKnownFileType = sourcecode.swift; path = Challenge.swift; sourceTree = "<group>"; };
		15A437BA29F5271800300BF5 /* Player.swift */ = {isa = PBXFileReference; lastKnownFileType = sourcecode.swift; path = Player.swift; sourceTree = "<group>"; };
		15A437BE29F57D9000300BF5 /* DailyPlayer.swift */ = {isa = PBXFileReference; lastKnownFileType = sourcecode.swift; path = DailyPlayer.swift; sourceTree = "<group>"; };
		15A437C229F57F6700300BF5 /* TeamViewModel.swift */ = {isa = PBXFileReference; lastKnownFileType = sourcecode.swift; path = TeamViewModel.swift; sourceTree = "<group>"; };
		15A437C629F7BEB300300BF5 /* DatabaseViewModel.swift */ = {isa = PBXFileReference; lastKnownFileType = sourcecode.swift; path = DatabaseViewModel.swift; sourceTree = "<group>"; };
		15A437C829F7CE6C00300BF5 /* DailyPlayerViewModel.swift */ = {isa = PBXFileReference; lastKnownFileType = sourcecode.swift; path = DailyPlayerViewModel.swift; sourceTree = "<group>"; };
		15A437CB29F7D15E00300BF5 /* TeamChallengeViewModel.swift */ = {isa = PBXFileReference; lastKnownFileType = sourcecode.swift; path = TeamChallengeViewModel.swift; sourceTree = "<group>"; };
		15BF5D6D29EFBC68003C1500 /* QuitZone.app */ = {isa = PBXFileReference; explicitFileType = wrapper.application; includeInIndex = 0; path = QuitZone.app; sourceTree = BUILT_PRODUCTS_DIR; };
		15BF5D7029EFBC68003C1500 /* QuitZoneApp.swift */ = {isa = PBXFileReference; lastKnownFileType = sourcecode.swift; path = QuitZoneApp.swift; sourceTree = "<group>"; };
		15BF5D7229EFBC68003C1500 /* ContentView.swift */ = {isa = PBXFileReference; lastKnownFileType = sourcecode.swift; path = ContentView.swift; sourceTree = "<group>"; };
		15BF5D7429EFBC69003C1500 /* Assets.xcassets */ = {isa = PBXFileReference; lastKnownFileType = folder.assetcatalog; path = Assets.xcassets; sourceTree = "<group>"; };
		15BF5D7729EFBC69003C1500 /* Preview Assets.xcassets */ = {isa = PBXFileReference; lastKnownFileType = folder.assetcatalog; path = "Preview Assets.xcassets"; sourceTree = "<group>"; };
		15BF5D7D29EFBC69003C1500 /* QuitZoneTests.xctest */ = {isa = PBXFileReference; explicitFileType = wrapper.cfbundle; includeInIndex = 0; path = QuitZoneTests.xctest; sourceTree = BUILT_PRODUCTS_DIR; };
		15BF5D8129EFBC69003C1500 /* QuitZoneTests.swift */ = {isa = PBXFileReference; lastKnownFileType = sourcecode.swift; path = QuitZoneTests.swift; sourceTree = "<group>"; };
		15BF5D8729EFBC69003C1500 /* QuitZoneUITests.xctest */ = {isa = PBXFileReference; explicitFileType = wrapper.cfbundle; includeInIndex = 0; path = QuitZoneUITests.xctest; sourceTree = BUILT_PRODUCTS_DIR; };
		15BF5D8B29EFBC69003C1500 /* QuitZoneUITests.swift */ = {isa = PBXFileReference; lastKnownFileType = sourcecode.swift; path = QuitZoneUITests.swift; sourceTree = "<group>"; };
		15BF5D8D29EFBC69003C1500 /* QuitZoneUITestsLaunchTests.swift */ = {isa = PBXFileReference; lastKnownFileType = sourcecode.swift; path = QuitZoneUITestsLaunchTests.swift; sourceTree = "<group>"; };
		68FAC7A029FBA93F00B6BC93 /* Info.plist */ = {isa = PBXFileReference; lastKnownFileType = text.plist; path = Info.plist; sourceTree = "<group>"; };
		AB1E2F5229FA7DDA003A7CEE /* dogicapixel.ttf */ = {isa = PBXFileReference; lastKnownFileType = file; path = dogicapixel.ttf; sourceTree = "<group>"; };
		AB1E2F5329FA7DDA003A7CEE /* dogica.ttf */ = {isa = PBXFileReference; lastKnownFileType = file; path = dogica.ttf; sourceTree = "<group>"; };
		AB1E2F5429FA7DDA003A7CEE /* dogicabold.ttf */ = {isa = PBXFileReference; lastKnownFileType = file; path = dogicabold.ttf; sourceTree = "<group>"; };
		AB1E2F5529FA7DDA003A7CEE /* dogicapixelbold.ttf */ = {isa = PBXFileReference; lastKnownFileType = file; path = dogicapixelbold.ttf; sourceTree = "<group>"; };
		AB1E2F6229FA7DEA003A7CEE /* Pixeled.ttf */ = {isa = PBXFileReference; lastKnownFileType = file; path = Pixeled.ttf; sourceTree = "<group>"; };
		AB1E2F7329FA88B0003A7CEE /* Info.plist */ = {isa = PBXFileReference; lastKnownFileType = text.plist.xml; path = Info.plist; sourceTree = "<group>"; };
		AB1E2F7B29FA8B19003A7CEE /* Heibird.otf */ = {isa = PBXFileReference; lastKnownFileType = file; path = Heibird.otf; sourceTree = "<group>"; };
		ABC3E74829EFEBF300682177 /* UserModel.swift */ = {isa = PBXFileReference; lastKnownFileType = sourcecode.swift; path = UserModel.swift; sourceTree = "<group>"; };
		ABC3E74A29EFF18100682177 /* GSM.swift */ = {isa = PBXFileReference; lastKnownFileType = sourcecode.swift; path = GSM.swift; sourceTree = "<group>"; };
		ABF47E5129EFD25F0067F243 /* WelcomeComponent.swift */ = {isa = PBXFileReference; lastKnownFileType = sourcecode.swift; path = WelcomeComponent.swift; sourceTree = "<group>"; };
		ABF47E5329EFD26E0067F243 /* HomeComponent.swift */ = {isa = PBXFileReference; lastKnownFileType = sourcecode.swift; path = HomeComponent.swift; sourceTree = "<group>"; };
		ABF47E5529EFD27F0067F243 /* UserComponent.swift */ = {isa = PBXFileReference; lastKnownFileType = sourcecode.swift; path = UserComponent.swift; sourceTree = "<group>"; };
		ABF47E5729EFD2940067F243 /* ParticipantComponent.swift */ = {isa = PBXFileReference; lastKnownFileType = sourcecode.swift; path = ParticipantComponent.swift; sourceTree = "<group>"; };
		ABF47E5929EFD2EE0067F243 /* CreateTeamComponent.swift */ = {isa = PBXFileReference; lastKnownFileType = sourcecode.swift; path = CreateTeamComponent.swift; sourceTree = "<group>"; };
		ABF47E5B29EFD3100067F243 /* LeaderboardComponent.swift */ = {isa = PBXFileReference; lastKnownFileType = sourcecode.swift; path = LeaderboardComponent.swift; sourceTree = "<group>"; };
		ABF47E5D29EFD31F0067F243 /* LeaderboardDetailComponent.swift */ = {isa = PBXFileReference; lastKnownFileType = sourcecode.swift; path = LeaderboardDetailComponent.swift; sourceTree = "<group>"; };
		ABF47E5F29EFD37D0067F243 /* FormComponent.swift */ = {isa = PBXFileReference; lastKnownFileType = sourcecode.swift; path = FormComponent.swift; sourceTree = "<group>"; };
		ABF47E6129EFD39C0067F243 /* UserEditComponent.swift */ = {isa = PBXFileReference; lastKnownFileType = sourcecode.swift; path = UserEditComponent.swift; sourceTree = "<group>"; };
		ABF47E6329EFD3AF0067F243 /* MissionComponent.swift */ = {isa = PBXFileReference; lastKnownFileType = sourcecode.swift; path = MissionComponent.swift; sourceTree = "<group>"; };
/* End PBXFileReference section */

/* Begin PBXFrameworksBuildPhase section */
		15BF5D6A29EFBC68003C1500 /* Frameworks */ = {
			isa = PBXFrameworksBuildPhase;
			buildActionMask = 2147483647;
			files = (
			);
			runOnlyForDeploymentPostprocessing = 0;
		};
		15BF5D7A29EFBC69003C1500 /* Frameworks */ = {
			isa = PBXFrameworksBuildPhase;
			buildActionMask = 2147483647;
			files = (
			);
			runOnlyForDeploymentPostprocessing = 0;
		};
		15BF5D8429EFBC69003C1500 /* Frameworks */ = {
			isa = PBXFrameworksBuildPhase;
			buildActionMask = 2147483647;
			files = (
			);
			runOnlyForDeploymentPostprocessing = 0;
		};
/* End PBXFrameworksBuildPhase section */

/* Begin PBXGroup section */
		157792F529F4162E0031AA1C /* Authentication */ = {
			isa = PBXGroup;
			children = (
				ABF47E4329EFC09A0067F243 /* View */,
				ABF47E4529EFC5A10067F243 /* Model */,
				ABF47E4429EFC5850067F243 /* ViewModel */,
			);
			path = Authentication;
			sourceTree = "<group>";
		};
		157792F629F4163C0031AA1C /* Team */ = {
			isa = PBXGroup;
			children = (
				AB81F37029FBC611009EFFE8 /* View */,
				157792F729F416550031AA1C /* Model */,
				15A437C129F57F5B00300BF5 /* ViewModel */,
			);
			path = Team;
			sourceTree = "<group>";
		};
		157792F729F416550031AA1C /* Model */ = {
			isa = PBXGroup;
			children = (
				157792F829F4165D0031AA1C /* Team.swift */,
				15A437B229F4185E00300BF5 /* Member.swift */,
			);
			path = Model;
			sourceTree = "<group>";
		};
		15A437B429F4196800300BF5 /* Challenge */ = {
			isa = PBXGroup;
			children = (
				AB81F37129FBC620009EFFE8 /* View */,
				15A437B529F4196F00300BF5 /* Model */,
				15A437CA29F7D14300300BF5 /* ViewModel */,
			);
			path = Challenge;
			sourceTree = "<group>";
		};
		15A437B529F4196F00300BF5 /* Model */ = {
			isa = PBXGroup;
			children = (
				15A437B629F4198C00300BF5 /* TeamChallenge.swift */,
				15A437B829F41A3500300BF5 /* Challenge.swift */,
			);
			path = Model;
			sourceTree = "<group>";
		};
		15A437BC29F57D4400300BF5 /* DailyTrack */ = {
			isa = PBXGroup;
			children = (
				AB81F37229FBC629009EFFE8 /* View */,
				15A437BD29F57D8600300BF5 /* Model */,
				15A437C029F57E8E00300BF5 /* ViewModel */,
			);
			path = DailyTrack;
			sourceTree = "<group>";
		};
		15A437BD29F57D8600300BF5 /* Model */ = {
			isa = PBXGroup;
			children = (
				15A437BE29F57D9000300BF5 /* DailyPlayer.swift */,
			);
			path = Model;
			sourceTree = "<group>";
		};
		15A437C029F57E8E00300BF5 /* ViewModel */ = {
			isa = PBXGroup;
			children = (
				15A437C829F7CE6C00300BF5 /* DailyPlayerViewModel.swift */,
			);
			path = ViewModel;
			sourceTree = "<group>";
		};
		15A437C129F57F5B00300BF5 /* ViewModel */ = {
			isa = PBXGroup;
			children = (
				15A437C229F57F6700300BF5 /* TeamViewModel.swift */,
			);
			path = ViewModel;
			sourceTree = "<group>";
		};
		15A437C429F7BE9A00300BF5 /* Database */ = {
			isa = PBXGroup;
			children = (
				15A437C629F7BEB300300BF5 /* DatabaseViewModel.swift */,
			);
			path = Database;
			sourceTree = "<group>";
		};
		15A437CA29F7D14300300BF5 /* ViewModel */ = {
			isa = PBXGroup;
			children = (
				15A437CB29F7D15E00300BF5 /* TeamChallengeViewModel.swift */,
			);
			path = ViewModel;
			sourceTree = "<group>";
		};
		15BF5D6429EFBC68003C1500 = {
			isa = PBXGroup;
			children = (
				15BF5D6F29EFBC68003C1500 /* QuitZone */,
				15BF5D8029EFBC69003C1500 /* QuitZoneTests */,
				15BF5D8A29EFBC69003C1500 /* QuitZoneUITests */,
				15BF5D6E29EFBC68003C1500 /* Products */,
			);
			sourceTree = "<group>";
		};
		15BF5D6E29EFBC68003C1500 /* Products */ = {
			isa = PBXGroup;
			children = (
				15BF5D6D29EFBC68003C1500 /* QuitZone.app */,
				15BF5D7D29EFBC69003C1500 /* QuitZoneTests.xctest */,
				15BF5D8729EFBC69003C1500 /* QuitZoneUITests.xctest */,
			);
			name = Products;
			sourceTree = "<group>";
		};
		15BF5D6F29EFBC68003C1500 /* QuitZone */ = {
			isa = PBXGroup;
			children = (
				68FAC7A029FBA93F00B6BC93 /* Info.plist */,
				157792EB29F24F8F0031AA1C /* QuitZone.entitlements */,
				ABF47E4829EFC6020067F243 /* Application */,
				ABF47E4729EFC5D80067F243 /* Core */,
				ABF47E4629EFC5CD0067F243 /* Features */,
				15BF5D7629EFBC69003C1500 /* Preview Content */,
			);
			path = QuitZone;
			sourceTree = "<group>";
		};
		15BF5D7629EFBC69003C1500 /* Preview Content */ = {
			isa = PBXGroup;
			children = (
				15BF5D7729EFBC69003C1500 /* Preview Assets.xcassets */,
			);
			path = "Preview Content";
			sourceTree = "<group>";
		};
		15BF5D8029EFBC69003C1500 /* QuitZoneTests */ = {
			isa = PBXGroup;
			children = (
				15BF5D8129EFBC69003C1500 /* QuitZoneTests.swift */,
			);
			path = QuitZoneTests;
			sourceTree = "<group>";
		};
		15BF5D8A29EFBC69003C1500 /* QuitZoneUITests */ = {
			isa = PBXGroup;
			children = (
				15BF5D8B29EFBC69003C1500 /* QuitZoneUITests.swift */,
				15BF5D8D29EFBC69003C1500 /* QuitZoneUITestsLaunchTests.swift */,
			);
			path = QuitZoneUITests;
			sourceTree = "<group>";
		};
		AB1E2F3529FA5C08003A7CEE /* Font */ = {
			isa = PBXGroup;
			children = (
				AB1E2F5329FA7DDA003A7CEE /* dogica.ttf */,
				AB1E2F5429FA7DDA003A7CEE /* dogicabold.ttf */,
				AB1E2F5229FA7DDA003A7CEE /* dogicapixel.ttf */,
				AB1E2F5529FA7DDA003A7CEE /* dogicapixelbold.ttf */,
				AB1E2F6229FA7DEA003A7CEE /* Pixeled.ttf */,
				AB1E2F7B29FA8B19003A7CEE /* Heibird.otf */,
			);
			path = Font;
			sourceTree = "<group>";
		};
		AB81F37029FBC611009EFFE8 /* View */ = {
			isa = PBXGroup;
			children = (
				AB81F37829FBC6ED009EFFE8 /* Views */,
				AB81F37729FBC6E3009EFFE8 /* Components */,
			);
			path = View;
			sourceTree = "<group>";
		};
		AB81F37129FBC620009EFFE8 /* View */ = {
			isa = PBXGroup;
			children = (
				AB81F37629FBC6DC009EFFE8 /* Views */,
				AB81F37529FBC6D5009EFFE8 /* Components */,
			);
			path = View;
			sourceTree = "<group>";
		};
		AB81F37229FBC629009EFFE8 /* View */ = {
			isa = PBXGroup;
			children = (
				AB81F37329FBC6B1009EFFE8 /* Views */,
				AB81F37429FBC6B6009EFFE8 /* Components */,
			);
			path = View;
			sourceTree = "<group>";
		};
		AB81F37329FBC6B1009EFFE8 /* Views */ = {
			isa = PBXGroup;
			children = (
			);
			path = Views;
			sourceTree = "<group>";
		};
		AB81F37429FBC6B6009EFFE8 /* Components */ = {
			isa = PBXGroup;
			children = (
				ABF47E5329EFD26E0067F243 /* HomeComponent.swift */,
			);
			path = Components;
			sourceTree = "<group>";
		};
		AB81F37529FBC6D5009EFFE8 /* Components */ = {
			isa = PBXGroup;
			children = (
				ABF47E6329EFD3AF0067F243 /* MissionComponent.swift */,
			);
			path = Components;
			sourceTree = "<group>";
		};
		AB81F37629FBC6DC009EFFE8 /* Views */ = {
			isa = PBXGroup;
			children = (
			);
			path = Views;
			sourceTree = "<group>";
		};
		AB81F37729FBC6E3009EFFE8 /* Components */ = {
			isa = PBXGroup;
			children = (
				ABF47E5729EFD2940067F243 /* ParticipantComponent.swift */,
				ABF47E5929EFD2EE0067F243 /* CreateTeamComponent.swift */,
				ABF47E5B29EFD3100067F243 /* LeaderboardComponent.swift */,
				ABF47E5D29EFD31F0067F243 /* LeaderboardDetailComponent.swift */,
			);
			path = Components;
			sourceTree = "<group>";
		};
		AB81F37829FBC6ED009EFFE8 /* Views */ = {
			isa = PBXGroup;
			children = (
			);
			path = Views;
			sourceTree = "<group>";
		};
		ABF47E4329EFC09A0067F243 /* View */ = {
			isa = PBXGroup;
			children = (
				ABF47E4E29EFC7BB0067F243 /* Views */,
				ABF47E4F29EFC7ED0067F243 /* Components */,
				ABF47E5029EFC7F90067F243 /* Extension */,
			);
			path = View;
			sourceTree = "<group>";
		};
		ABF47E4429EFC5850067F243 /* ViewModel */ = {
			isa = PBXGroup;
			children = (
				157792F329F26BA20031AA1C /* PlayerViewModel.swift */,
				15A437AE29F4180200300BF5 /* iCloudViewModel.swift */,
			);
			path = ViewModel;
			sourceTree = "<group>";
		};
		ABF47E4529EFC5A10067F243 /* Model */ = {
			isa = PBXGroup;
			children = (
				ABC3E74829EFEBF300682177 /* UserModel.swift */,
				15A437B029F4181200300BF5 /* Lung.swift */,
				15A437BA29F5271800300BF5 /* Player.swift */,
			);
			path = Model;
			sourceTree = "<group>";
		};
		ABF47E4629EFC5CD0067F243 /* Features */ = {
			isa = PBXGroup;
			children = (
				15A437C429F7BE9A00300BF5 /* Database */,
				15A437BC29F57D4400300BF5 /* DailyTrack */,
				15A437B429F4196800300BF5 /* Challenge */,
				157792F629F4163C0031AA1C /* Team */,
				157792F529F4162E0031AA1C /* Authentication */,
			);
			path = Features;
			sourceTree = "<group>";
		};
		ABF47E4729EFC5D80067F243 /* Core */ = {
			isa = PBXGroup;
			children = (
				ABF47E4929EFC6490067F243 /* Constants */,
				ABF47E4A29EFC64F0067F243 /* Resources */,
				ABF47E4B29EFC6550067F243 /* Utilities */,
				ABF47E4C29EFC65A0067F243 /* Themes */,
				ABF47E4D29EFC6900067F243 /* Extension */,
			);
			path = Core;
			sourceTree = "<group>";
		};
		ABF47E4829EFC6020067F243 /* Application */ = {
			isa = PBXGroup;
			children = (
				15BF5D7029EFBC68003C1500 /* QuitZoneApp.swift */,
			);
			path = Application;
			sourceTree = "<group>";
		};
		ABF47E4929EFC6490067F243 /* Constants */ = {
			isa = PBXGroup;
			children = (
			);
			path = Constants;
			sourceTree = "<group>";
		};
		ABF47E4A29EFC64F0067F243 /* Resources */ = {
			isa = PBXGroup;
			children = (
				AB1E2F3529FA5C08003A7CEE /* Font */,
				15BF5D7429EFBC69003C1500 /* Assets.xcassets */,
				AB1E2F7329FA88B0003A7CEE /* Info.plist */,
			);
			path = Resources;
			sourceTree = "<group>";
		};
		ABF47E4B29EFC6550067F243 /* Utilities */ = {
			isa = PBXGroup;
			children = (
			);
			path = Utilities;
			sourceTree = "<group>";
		};
		ABF47E4C29EFC65A0067F243 /* Themes */ = {
			isa = PBXGroup;
			children = (
			);
			path = Themes;
			sourceTree = "<group>";
		};
		ABF47E4D29EFC6900067F243 /* Extension */ = {
			isa = PBXGroup;
			children = (
				ABC3E74A29EFF18100682177 /* GSM.swift */,
			);
			path = Extension;
			sourceTree = "<group>";
		};
		ABF47E4E29EFC7BB0067F243 /* Views */ = {
			isa = PBXGroup;
			children = (
				15BF5D7229EFBC68003C1500 /* ContentView.swift */,
			);
			path = Views;
			sourceTree = "<group>";
		};
		ABF47E4F29EFC7ED0067F243 /* Components */ = {
			isa = PBXGroup;
			children = (
				ABF47E5129EFD25F0067F243 /* WelcomeComponent.swift */,
				ABF47E5F29EFD37D0067F243 /* FormComponent.swift */,
				ABF47E5529EFD27F0067F243 /* UserComponent.swift */,
				ABF47E6129EFD39C0067F243 /* UserEditComponent.swift */,
			);
			path = Components;
			sourceTree = "<group>";
		};
		ABF47E5029EFC7F90067F243 /* Extension */ = {
			isa = PBXGroup;
			children = (
			);
			path = Extension;
			sourceTree = "<group>";
		};
/* End PBXGroup section */

/* Begin PBXNativeTarget section */
		15BF5D6C29EFBC68003C1500 /* QuitZone */ = {
			isa = PBXNativeTarget;
			buildConfigurationList = 15BF5D9129EFBC69003C1500 /* Build configuration list for PBXNativeTarget "QuitZone" */;
			buildPhases = (
				15BF5D6929EFBC68003C1500 /* Sources */,
				15BF5D6A29EFBC68003C1500 /* Frameworks */,
				15BF5D6B29EFBC68003C1500 /* Resources */,
			);
			buildRules = (
			);
			dependencies = (
			);
			name = QuitZone;
			productName = QuitZone;
			productReference = 15BF5D6D29EFBC68003C1500 /* QuitZone.app */;
			productType = "com.apple.product-type.application";
		};
		15BF5D7C29EFBC69003C1500 /* QuitZoneTests */ = {
			isa = PBXNativeTarget;
			buildConfigurationList = 15BF5D9429EFBC69003C1500 /* Build configuration list for PBXNativeTarget "QuitZoneTests" */;
			buildPhases = (
				15BF5D7929EFBC69003C1500 /* Sources */,
				15BF5D7A29EFBC69003C1500 /* Frameworks */,
				15BF5D7B29EFBC69003C1500 /* Resources */,
			);
			buildRules = (
			);
			dependencies = (
				15BF5D7F29EFBC69003C1500 /* PBXTargetDependency */,
			);
			name = QuitZoneTests;
			productName = QuitZoneTests;
			productReference = 15BF5D7D29EFBC69003C1500 /* QuitZoneTests.xctest */;
			productType = "com.apple.product-type.bundle.unit-test";
		};
		15BF5D8629EFBC69003C1500 /* QuitZoneUITests */ = {
			isa = PBXNativeTarget;
			buildConfigurationList = 15BF5D9729EFBC69003C1500 /* Build configuration list for PBXNativeTarget "QuitZoneUITests" */;
			buildPhases = (
				15BF5D8329EFBC69003C1500 /* Sources */,
				15BF5D8429EFBC69003C1500 /* Frameworks */,
				15BF5D8529EFBC69003C1500 /* Resources */,
			);
			buildRules = (
			);
			dependencies = (
				15BF5D8929EFBC69003C1500 /* PBXTargetDependency */,
			);
			name = QuitZoneUITests;
			productName = QuitZoneUITests;
			productReference = 15BF5D8729EFBC69003C1500 /* QuitZoneUITests.xctest */;
			productType = "com.apple.product-type.bundle.ui-testing";
		};
/* End PBXNativeTarget section */

/* Begin PBXProject section */
		15BF5D6529EFBC68003C1500 /* Project object */ = {
			isa = PBXProject;
			attributes = {
				BuildIndependentTargetsInParallel = 1;
				LastSwiftUpdateCheck = 1430;
				LastUpgradeCheck = 1430;
				TargetAttributes = {
					15BF5D6C29EFBC68003C1500 = {
						CreatedOnToolsVersion = 14.3;
					};
					15BF5D7C29EFBC69003C1500 = {
						CreatedOnToolsVersion = 14.3;
						TestTargetID = 15BF5D6C29EFBC68003C1500;
					};
					15BF5D8629EFBC69003C1500 = {
						CreatedOnToolsVersion = 14.3;
						TestTargetID = 15BF5D6C29EFBC68003C1500;
					};
				};
			};
			buildConfigurationList = 15BF5D6829EFBC68003C1500 /* Build configuration list for PBXProject "QuitZone" */;
			compatibilityVersion = "Xcode 14.0";
			developmentRegion = en;
			hasScannedForEncodings = 0;
			knownRegions = (
				en,
				Base,
			);
			mainGroup = 15BF5D6429EFBC68003C1500;
			productRefGroup = 15BF5D6E29EFBC68003C1500 /* Products */;
			projectDirPath = "";
			projectRoot = "";
			targets = (
				15BF5D6C29EFBC68003C1500 /* QuitZone */,
				15BF5D7C29EFBC69003C1500 /* QuitZoneTests */,
				15BF5D8629EFBC69003C1500 /* QuitZoneUITests */,
			);
		};
/* End PBXProject section */

/* Begin PBXResourcesBuildPhase section */
		15BF5D6B29EFBC68003C1500 /* Resources */ = {
			isa = PBXResourcesBuildPhase;
			buildActionMask = 2147483647;
			files = (
				AB1E2F5C29FA7DDA003A7CEE /* dogicabold.ttf in Resources */,
				AB1E2F5F29FA7DDA003A7CEE /* dogicapixelbold.ttf in Resources */,
				AB1E2F5929FA7DDA003A7CEE /* dogica.ttf in Resources */,
				AB1E2F7C29FA8B19003A7CEE /* Heibird.otf in Resources */,
				AB1E2F5629FA7DDA003A7CEE /* dogicapixel.ttf in Resources */,
				15BF5D7829EFBC69003C1500 /* Preview Assets.xcassets in Resources */,
				15BF5D7529EFBC69003C1500 /* Assets.xcassets in Resources */,
			);
			runOnlyForDeploymentPostprocessing = 0;
		};
		15BF5D7B29EFBC69003C1500 /* Resources */ = {
			isa = PBXResourcesBuildPhase;
			buildActionMask = 2147483647;
			files = (
				AB1E2F6029FA7DDA003A7CEE /* dogicapixelbold.ttf in Resources */,
				AB1E2F7D29FA8B19003A7CEE /* Heibird.otf in Resources */,
				AB1E2F5729FA7DDA003A7CEE /* dogicapixel.ttf in Resources */,
				AB1E2F5A29FA7DDA003A7CEE /* dogica.ttf in Resources */,
				AB1E2F7529FA88B0003A7CEE /* Info.plist in Resources */,
				AB1E2F5D29FA7DDA003A7CEE /* dogicabold.ttf in Resources */,
			);
			runOnlyForDeploymentPostprocessing = 0;
		};
		15BF5D8529EFBC69003C1500 /* Resources */ = {
			isa = PBXResourcesBuildPhase;
			buildActionMask = 2147483647;
			files = (
				AB1E2F6129FA7DDA003A7CEE /* dogicapixelbold.ttf in Resources */,
				AB1E2F7E29FA8B19003A7CEE /* Heibird.otf in Resources */,
				AB1E2F5829FA7DDA003A7CEE /* dogicapixel.ttf in Resources */,
				AB1E2F5B29FA7DDA003A7CEE /* dogica.ttf in Resources */,
				AB1E2F7629FA88B0003A7CEE /* Info.plist in Resources */,
				AB1E2F5E29FA7DDA003A7CEE /* dogicabold.ttf in Resources */,
			);
			runOnlyForDeploymentPostprocessing = 0;
		};
/* End PBXResourcesBuildPhase section */

/* Begin PBXSourcesBuildPhase section */
		15BF5D6929EFBC68003C1500 /* Sources */ = {
			isa = PBXSourcesBuildPhase;
			buildActionMask = 2147483647;
			files = (
				15A437BB29F5271800300BF5 /* Player.swift in Sources */,
				15A437B329F4185E00300BF5 /* Member.swift in Sources */,
				15A437BF29F57D9000300BF5 /* DailyPlayer.swift in Sources */,
				157792F929F4165D0031AA1C /* Team.swift in Sources */,
				ABF47E5229EFD25F0067F243 /* WelcomeComponent.swift in Sources */,
				ABF47E5E29EFD31F0067F243 /* LeaderboardDetailComponent.swift in Sources */,
				ABF47E5829EFD2940067F243 /* ParticipantComponent.swift in Sources */,
				ABF47E6029EFD37D0067F243 /* FormComponent.swift in Sources */,
				15BF5D7329EFBC68003C1500 /* ContentView.swift in Sources */,
				15A437B929F41A3500300BF5 /* Challenge.swift in Sources */,
				15A437C729F7BEB300300BF5 /* DatabaseViewModel.swift in Sources */,
				ABC3E74929EFEBF300682177 /* UserModel.swift in Sources */,
				ABF47E5629EFD27F0067F243 /* UserComponent.swift in Sources */,
				ABF47E6429EFD3AF0067F243 /* MissionComponent.swift in Sources */,
				15A437AF29F4180200300BF5 /* iCloudViewModel.swift in Sources */,
				ABF47E5429EFD26E0067F243 /* HomeComponent.swift in Sources */,
				15A437B729F4198C00300BF5 /* TeamChallenge.swift in Sources */,
				157792F429F26BA20031AA1C /* PlayerViewModel.swift in Sources */,
				15A437C329F57F6700300BF5 /* TeamViewModel.swift in Sources */,
				15A437C929F7CE6C00300BF5 /* DailyPlayerViewModel.swift in Sources */,
				ABC3E74B29EFF18100682177 /* GSM.swift in Sources */,
				15A437B129F4181200300BF5 /* Lung.swift in Sources */,
				ABF47E5C29EFD3100067F243 /* LeaderboardComponent.swift in Sources */,
				ABF47E5A29EFD2EE0067F243 /* CreateTeamComponent.swift in Sources */,
				15BF5D7129EFBC68003C1500 /* QuitZoneApp.swift in Sources */,
				15A437CC29F7D15E00300BF5 /* TeamChallengeViewModel.swift in Sources */,
				ABF47E6229EFD39C0067F243 /* UserEditComponent.swift in Sources */,
			);
			runOnlyForDeploymentPostprocessing = 0;
		};
		15BF5D7929EFBC69003C1500 /* Sources */ = {
			isa = PBXSourcesBuildPhase;
			buildActionMask = 2147483647;
			files = (
				15BF5D8229EFBC69003C1500 /* QuitZoneTests.swift in Sources */,
			);
			runOnlyForDeploymentPostprocessing = 0;
		};
		15BF5D8329EFBC69003C1500 /* Sources */ = {
			isa = PBXSourcesBuildPhase;
			buildActionMask = 2147483647;
			files = (
				15BF5D8E29EFBC69003C1500 /* QuitZoneUITestsLaunchTests.swift in Sources */,
				15BF5D8C29EFBC69003C1500 /* QuitZoneUITests.swift in Sources */,
			);
			runOnlyForDeploymentPostprocessing = 0;
		};
/* End PBXSourcesBuildPhase section */

/* Begin PBXTargetDependency section */
		15BF5D7F29EFBC69003C1500 /* PBXTargetDependency */ = {
			isa = PBXTargetDependency;
			target = 15BF5D6C29EFBC68003C1500 /* QuitZone */;
			targetProxy = 15BF5D7E29EFBC69003C1500 /* PBXContainerItemProxy */;
		};
		15BF5D8929EFBC69003C1500 /* PBXTargetDependency */ = {
			isa = PBXTargetDependency;
			target = 15BF5D6C29EFBC68003C1500 /* QuitZone */;
			targetProxy = 15BF5D8829EFBC69003C1500 /* PBXContainerItemProxy */;
		};
/* End PBXTargetDependency section */

/* Begin XCBuildConfiguration section */
		15BF5D8F29EFBC69003C1500 /* Debug */ = {
			isa = XCBuildConfiguration;
			buildSettings = {
				ALWAYS_SEARCH_USER_PATHS = NO;
				CLANG_ANALYZER_NONNULL = YES;
				CLANG_ANALYZER_NUMBER_OBJECT_CONVERSION = YES_AGGRESSIVE;
				CLANG_CXX_LANGUAGE_STANDARD = "gnu++20";
				CLANG_ENABLE_MODULES = YES;
				CLANG_ENABLE_OBJC_ARC = YES;
				CLANG_ENABLE_OBJC_WEAK = YES;
				CLANG_WARN_BLOCK_CAPTURE_AUTORELEASING = YES;
				CLANG_WARN_BOOL_CONVERSION = YES;
				CLANG_WARN_COMMA = YES;
				CLANG_WARN_CONSTANT_CONVERSION = YES;
				CLANG_WARN_DEPRECATED_OBJC_IMPLEMENTATIONS = YES;
				CLANG_WARN_DIRECT_OBJC_ISA_USAGE = YES_ERROR;
				CLANG_WARN_DOCUMENTATION_COMMENTS = YES;
				CLANG_WARN_EMPTY_BODY = YES;
				CLANG_WARN_ENUM_CONVERSION = YES;
				CLANG_WARN_INFINITE_RECURSION = YES;
				CLANG_WARN_INT_CONVERSION = YES;
				CLANG_WARN_NON_LITERAL_NULL_CONVERSION = YES;
				CLANG_WARN_OBJC_IMPLICIT_RETAIN_SELF = YES;
				CLANG_WARN_OBJC_LITERAL_CONVERSION = YES;
				CLANG_WARN_OBJC_ROOT_CLASS = YES_ERROR;
				CLANG_WARN_QUOTED_INCLUDE_IN_FRAMEWORK_HEADER = YES;
				CLANG_WARN_RANGE_LOOP_ANALYSIS = YES;
				CLANG_WARN_STRICT_PROTOTYPES = YES;
				CLANG_WARN_SUSPICIOUS_MOVE = YES;
				CLANG_WARN_UNGUARDED_AVAILABILITY = YES_AGGRESSIVE;
				CLANG_WARN_UNREACHABLE_CODE = YES;
				CLANG_WARN__DUPLICATE_METHOD_MATCH = YES;
				COPY_PHASE_STRIP = NO;
				DEBUG_INFORMATION_FORMAT = dwarf;
				ENABLE_STRICT_OBJC_MSGSEND = YES;
				ENABLE_TESTABILITY = YES;
				GCC_C_LANGUAGE_STANDARD = gnu11;
				GCC_DYNAMIC_NO_PIC = NO;
				GCC_NO_COMMON_BLOCKS = YES;
				GCC_OPTIMIZATION_LEVEL = 0;
				GCC_PREPROCESSOR_DEFINITIONS = (
					"DEBUG=1",
					"$(inherited)",
				);
				GCC_WARN_64_TO_32_BIT_CONVERSION = YES;
				GCC_WARN_ABOUT_RETURN_TYPE = YES_ERROR;
				GCC_WARN_UNDECLARED_SELECTOR = YES;
				GCC_WARN_UNINITIALIZED_AUTOS = YES_AGGRESSIVE;
				GCC_WARN_UNUSED_FUNCTION = YES;
				GCC_WARN_UNUSED_VARIABLE = YES;
				IPHONEOS_DEPLOYMENT_TARGET = 16.4;
				MTL_ENABLE_DEBUG_INFO = INCLUDE_SOURCE;
				MTL_FAST_MATH = YES;
				ONLY_ACTIVE_ARCH = YES;
				SDKROOT = iphoneos;
				SWIFT_ACTIVE_COMPILATION_CONDITIONS = DEBUG;
				SWIFT_OPTIMIZATION_LEVEL = "-Onone";
			};
			name = Debug;
		};
		15BF5D9029EFBC69003C1500 /* Release */ = {
			isa = XCBuildConfiguration;
			buildSettings = {
				ALWAYS_SEARCH_USER_PATHS = NO;
				CLANG_ANALYZER_NONNULL = YES;
				CLANG_ANALYZER_NUMBER_OBJECT_CONVERSION = YES_AGGRESSIVE;
				CLANG_CXX_LANGUAGE_STANDARD = "gnu++20";
				CLANG_ENABLE_MODULES = YES;
				CLANG_ENABLE_OBJC_ARC = YES;
				CLANG_ENABLE_OBJC_WEAK = YES;
				CLANG_WARN_BLOCK_CAPTURE_AUTORELEASING = YES;
				CLANG_WARN_BOOL_CONVERSION = YES;
				CLANG_WARN_COMMA = YES;
				CLANG_WARN_CONSTANT_CONVERSION = YES;
				CLANG_WARN_DEPRECATED_OBJC_IMPLEMENTATIONS = YES;
				CLANG_WARN_DIRECT_OBJC_ISA_USAGE = YES_ERROR;
				CLANG_WARN_DOCUMENTATION_COMMENTS = YES;
				CLANG_WARN_EMPTY_BODY = YES;
				CLANG_WARN_ENUM_CONVERSION = YES;
				CLANG_WARN_INFINITE_RECURSION = YES;
				CLANG_WARN_INT_CONVERSION = YES;
				CLANG_WARN_NON_LITERAL_NULL_CONVERSION = YES;
				CLANG_WARN_OBJC_IMPLICIT_RETAIN_SELF = YES;
				CLANG_WARN_OBJC_LITERAL_CONVERSION = YES;
				CLANG_WARN_OBJC_ROOT_CLASS = YES_ERROR;
				CLANG_WARN_QUOTED_INCLUDE_IN_FRAMEWORK_HEADER = YES;
				CLANG_WARN_RANGE_LOOP_ANALYSIS = YES;
				CLANG_WARN_STRICT_PROTOTYPES = YES;
				CLANG_WARN_SUSPICIOUS_MOVE = YES;
				CLANG_WARN_UNGUARDED_AVAILABILITY = YES_AGGRESSIVE;
				CLANG_WARN_UNREACHABLE_CODE = YES;
				CLANG_WARN__DUPLICATE_METHOD_MATCH = YES;
				COPY_PHASE_STRIP = NO;
				DEBUG_INFORMATION_FORMAT = "dwarf-with-dsym";
				ENABLE_NS_ASSERTIONS = NO;
				ENABLE_STRICT_OBJC_MSGSEND = YES;
				GCC_C_LANGUAGE_STANDARD = gnu11;
				GCC_NO_COMMON_BLOCKS = YES;
				GCC_WARN_64_TO_32_BIT_CONVERSION = YES;
				GCC_WARN_ABOUT_RETURN_TYPE = YES_ERROR;
				GCC_WARN_UNDECLARED_SELECTOR = YES;
				GCC_WARN_UNINITIALIZED_AUTOS = YES_AGGRESSIVE;
				GCC_WARN_UNUSED_FUNCTION = YES;
				GCC_WARN_UNUSED_VARIABLE = YES;
				IPHONEOS_DEPLOYMENT_TARGET = 16.4;
				MTL_ENABLE_DEBUG_INFO = NO;
				MTL_FAST_MATH = YES;
				SDKROOT = iphoneos;
				SWIFT_COMPILATION_MODE = wholemodule;
				SWIFT_OPTIMIZATION_LEVEL = "-O";
				VALIDATE_PRODUCT = YES;
			};
			name = Release;
		};
		15BF5D9229EFBC69003C1500 /* Debug */ = {
			isa = XCBuildConfiguration;
			buildSettings = {
				ASSETCATALOG_COMPILER_APPICON_NAME = AppIcon;
				ASSETCATALOG_COMPILER_GLOBAL_ACCENT_COLOR_NAME = AccentColor;
				CODE_SIGN_ENTITLEMENTS = QuitZone/QuitZone.entitlements;
				CODE_SIGN_STYLE = Automatic;
				CURRENT_PROJECT_VERSION = 1;
				DEVELOPMENT_ASSET_PATHS = "\"QuitZone/Preview Content\"";
				DEVELOPMENT_TEAM = "";
				ENABLE_PREVIEWS = YES;
				GENERATE_INFOPLIST_FILE = YES;
				INFOPLIST_FILE = QuitZone/Info.plist;
				INFOPLIST_KEY_UIApplicationSceneManifest_Generation = YES;
				INFOPLIST_KEY_UIApplicationSupportsIndirectInputEvents = YES;
				INFOPLIST_KEY_UILaunchScreen_Generation = YES;
				INFOPLIST_KEY_UISupportedInterfaceOrientations_iPad = "UIInterfaceOrientationPortrait UIInterfaceOrientationPortraitUpsideDown UIInterfaceOrientationLandscapeLeft UIInterfaceOrientationLandscapeRight";
				INFOPLIST_KEY_UISupportedInterfaceOrientations_iPhone = "UIInterfaceOrientationPortrait UIInterfaceOrientationLandscapeLeft UIInterfaceOrientationLandscapeRight";
				LD_RUNPATH_SEARCH_PATHS = (
					"$(inherited)",
					"@executable_path/Frameworks",
				);
				MARKETING_VERSION = 1.0;
				PRODUCT_BUNDLE_IDENTIFIER = Testing.QuitZone;
				PRODUCT_NAME = "$(TARGET_NAME)";
				SWIFT_EMIT_LOC_STRINGS = YES;
				SWIFT_VERSION = 5.0;
				TARGETED_DEVICE_FAMILY = "1,2";
			};
			name = Debug;
		};
		15BF5D9329EFBC69003C1500 /* Release */ = {
			isa = XCBuildConfiguration;
			buildSettings = {
				ASSETCATALOG_COMPILER_APPICON_NAME = AppIcon;
				ASSETCATALOG_COMPILER_GLOBAL_ACCENT_COLOR_NAME = AccentColor;
				CODE_SIGN_ENTITLEMENTS = QuitZone/QuitZone.entitlements;
				CODE_SIGN_STYLE = Automatic;
				CURRENT_PROJECT_VERSION = 1;
				DEVELOPMENT_ASSET_PATHS = "\"QuitZone/Preview Content\"";
				DEVELOPMENT_TEAM = R4FBGZQ29P;
				ENABLE_PREVIEWS = YES;
				GENERATE_INFOPLIST_FILE = YES;
				INFOPLIST_FILE = QuitZone/Info.plist;
				INFOPLIST_KEY_UIApplicationSceneManifest_Generation = YES;
				INFOPLIST_KEY_UIApplicationSupportsIndirectInputEvents = YES;
				INFOPLIST_KEY_UILaunchScreen_Generation = YES;
				INFOPLIST_KEY_UISupportedInterfaceOrientations_iPad = "UIInterfaceOrientationPortrait UIInterfaceOrientationPortraitUpsideDown UIInterfaceOrientationLandscapeLeft UIInterfaceOrientationLandscapeRight";
				INFOPLIST_KEY_UISupportedInterfaceOrientations_iPhone = "UIInterfaceOrientationPortrait UIInterfaceOrientationLandscapeLeft UIInterfaceOrientationLandscapeRight";
				LD_RUNPATH_SEARCH_PATHS = (
					"$(inherited)",
					"@executable_path/Frameworks",
				);
				MARKETING_VERSION = 1.0;
				PRODUCT_BUNDLE_IDENTIFIER = Testing.QuitZone;
				PRODUCT_NAME = "$(TARGET_NAME)";
				SWIFT_EMIT_LOC_STRINGS = YES;
				SWIFT_VERSION = 5.0;
				TARGETED_DEVICE_FAMILY = "1,2";
			};
			name = Release;
		};
		15BF5D9529EFBC69003C1500 /* Debug */ = {
			isa = XCBuildConfiguration;
			buildSettings = {
				ALWAYS_EMBED_SWIFT_STANDARD_LIBRARIES = YES;
				BUNDLE_LOADER = "$(TEST_HOST)";
				CODE_SIGN_STYLE = Automatic;
				CURRENT_PROJECT_VERSION = 1;
				DEVELOPMENT_TEAM = R4FBGZQ29P;
				GENERATE_INFOPLIST_FILE = YES;
				IPHONEOS_DEPLOYMENT_TARGET = 16.4;
				MARKETING_VERSION = 1.0;
				PRODUCT_BUNDLE_IDENTIFIER = Testing.QuitZoneTests;
				PRODUCT_NAME = "$(TARGET_NAME)";
				SWIFT_EMIT_LOC_STRINGS = NO;
				SWIFT_VERSION = 5.0;
				TARGETED_DEVICE_FAMILY = "1,2";
				TEST_HOST = "$(BUILT_PRODUCTS_DIR)/QuitZone.app/$(BUNDLE_EXECUTABLE_FOLDER_PATH)/QuitZone";
			};
			name = Debug;
		};
		15BF5D9629EFBC69003C1500 /* Release */ = {
			isa = XCBuildConfiguration;
			buildSettings = {
				ALWAYS_EMBED_SWIFT_STANDARD_LIBRARIES = YES;
				BUNDLE_LOADER = "$(TEST_HOST)";
				CODE_SIGN_STYLE = Automatic;
				CURRENT_PROJECT_VERSION = 1;
				DEVELOPMENT_TEAM = R4FBGZQ29P;
				GENERATE_INFOPLIST_FILE = YES;
				IPHONEOS_DEPLOYMENT_TARGET = 16.4;
				MARKETING_VERSION = 1.0;
				PRODUCT_BUNDLE_IDENTIFIER = Testing.QuitZoneTests;
				PRODUCT_NAME = "$(TARGET_NAME)";
				SWIFT_EMIT_LOC_STRINGS = NO;
				SWIFT_VERSION = 5.0;
				TARGETED_DEVICE_FAMILY = "1,2";
				TEST_HOST = "$(BUILT_PRODUCTS_DIR)/QuitZone.app/$(BUNDLE_EXECUTABLE_FOLDER_PATH)/QuitZone";
			};
			name = Release;
		};
		15BF5D9829EFBC69003C1500 /* Debug */ = {
			isa = XCBuildConfiguration;
			buildSettings = {
				ALWAYS_EMBED_SWIFT_STANDARD_LIBRARIES = YES;
				CODE_SIGN_STYLE = Automatic;
				CURRENT_PROJECT_VERSION = 1;
				DEVELOPMENT_TEAM = R4FBGZQ29P;
				GENERATE_INFOPLIST_FILE = YES;
				MARKETING_VERSION = 1.0;
				PRODUCT_BUNDLE_IDENTIFIER = Testing.QuitZoneUITests;
				PRODUCT_NAME = "$(TARGET_NAME)";
				SWIFT_EMIT_LOC_STRINGS = NO;
				SWIFT_VERSION = 5.0;
				TARGETED_DEVICE_FAMILY = "1,2";
				TEST_TARGET_NAME = QuitZone;
			};
			name = Debug;
		};
		15BF5D9929EFBC69003C1500 /* Release */ = {
			isa = XCBuildConfiguration;
			buildSettings = {
				ALWAYS_EMBED_SWIFT_STANDARD_LIBRARIES = YES;
				CODE_SIGN_STYLE = Automatic;
				CURRENT_PROJECT_VERSION = 1;
				DEVELOPMENT_TEAM = R4FBGZQ29P;
				GENERATE_INFOPLIST_FILE = YES;
				MARKETING_VERSION = 1.0;
				PRODUCT_BUNDLE_IDENTIFIER = Testing.QuitZoneUITests;
				PRODUCT_NAME = "$(TARGET_NAME)";
				SWIFT_EMIT_LOC_STRINGS = NO;
				SWIFT_VERSION = 5.0;
				TARGETED_DEVICE_FAMILY = "1,2";
				TEST_TARGET_NAME = QuitZone;
			};
			name = Release;
		};
/* End XCBuildConfiguration section */

/* Begin XCConfigurationList section */
		15BF5D6829EFBC68003C1500 /* Build configuration list for PBXProject "QuitZone" */ = {
			isa = XCConfigurationList;
			buildConfigurations = (
				15BF5D8F29EFBC69003C1500 /* Debug */,
				15BF5D9029EFBC69003C1500 /* Release */,
			);
			defaultConfigurationIsVisible = 0;
			defaultConfigurationName = Release;
		};
		15BF5D9129EFBC69003C1500 /* Build configuration list for PBXNativeTarget "QuitZone" */ = {
			isa = XCConfigurationList;
			buildConfigurations = (
				15BF5D9229EFBC69003C1500 /* Debug */,
				15BF5D9329EFBC69003C1500 /* Release */,
			);
			defaultConfigurationIsVisible = 0;
			defaultConfigurationName = Release;
		};
		15BF5D9429EFBC69003C1500 /* Build configuration list for PBXNativeTarget "QuitZoneTests" */ = {
			isa = XCConfigurationList;
			buildConfigurations = (
				15BF5D9529EFBC69003C1500 /* Debug */,
				15BF5D9629EFBC69003C1500 /* Release */,
			);
			defaultConfigurationIsVisible = 0;
			defaultConfigurationName = Release;
		};
		15BF5D9729EFBC69003C1500 /* Build configuration list for PBXNativeTarget "QuitZoneUITests" */ = {
			isa = XCConfigurationList;
			buildConfigurations = (
				15BF5D9829EFBC69003C1500 /* Debug */,
				15BF5D9929EFBC69003C1500 /* Release */,
			);
			defaultConfigurationIsVisible = 0;
			defaultConfigurationName = Release;
		};
/* End XCConfigurationList section */
	};
	rootObject = 15BF5D6529EFBC68003C1500 /* Project object */;
}
